
Microsoft Visual Studio Solution File, Format Version 12.00
# Visual Studio Version 17
VisualStudioVersion = 17.5.33627.172
MinimumVisualStudioVersion = 10.0.40219.1
Project("{2150E333-8FDC-42A3-9474-1A3956D46DE8}") = "src", "src", "{D4A6A07F-30B5-4A0F-AE55-2C542E181909}"
EndProject
Project("{2150E333-8FDC-42A3-9474-1A3956D46DE8}") = "API", "API", "{DA601B58-6510-4AF0-B016-8531671A09CC}"
EndProject
Project("{2150E333-8FDC-42A3-9474-1A3956D46DE8}") = "Core", "Core", "{99E3797E-D3E6-412F-9E78-35A99F609E5D}"
EndProject
Project("{2150E333-8FDC-42A3-9474-1A3956D46DE8}") = "Infrastructure", "Infrastructure", "{F26FC211-DBAF-4E67-955D-DBAFCBAD3797}"
EndProject
Project("{FAE04EC0-301F-11D3-BF4B-00C04F79EFBC}") = "LL.Domain", "LL.Domain\LL.Domain.csproj", "{F4E78D3B-F22A-46E1-931C-2381A5461B79}"
EndProject
Project("{FAE04EC0-301F-11D3-BF4B-00C04F79EFBC}") = "LL.Application", "LL.Application\LL.Application.csproj", "{D6BEA985-9D95-4438-9BEA-1D4E9967D16B}"
EndProject
Project("{FAE04EC0-301F-11D3-BF4B-00C04F79EFBC}") = "LL.API", "LL.API\LL.API.csproj", "{C1C26BC4-A72F-46E6-9287-95D75D5FEC45}"
EndProject
Project("{FAE04EC0-301F-11D3-BF4B-00C04F79EFBC}") = "LL.Persistence", "LL.Persistence\LL.Persistence.csproj", "{B21C5158-3717-4053-927D-81842CF5F98F}"
EndProject
Project("{FAE04EC0-301F-11D3-BF4B-00C04F79EFBC}") = "LL.Infrastructure", "LL.Infrastructure\LL.Infrastructure.csproj", "{8A594916-4F13-417A-ACEF-89543C11379D}"
EndProject
Global
	GlobalSection(SolutionConfigurationPlatforms) = preSolution
		Debug|Any CPU = Debug|Any CPU
		Release|Any CPU = Release|Any CPU
	EndGlobalSection
	GlobalSection(ProjectConfigurationPlatforms) = postSolution
		{F4E78D3B-F22A-46E1-931C-2381A5461B79}.Debug|Any CPU.ActiveCfg = Debug|Any CPU
		{F4E78D3B-F22A-46E1-931C-2381A5461B79}.Debug|Any CPU.Build.0 = Debug|Any CPU
		{F4E78D3B-F22A-46E1-931C-2381A5461B79}.Release|Any CPU.ActiveCfg = Release|Any CPU
		{F4E78D3B-F22A-46E1-931C-2381A5461B79}.Release|Any CPU.Build.0 = Release|Any CPU
		{D6BEA985-9D95-4438-9BEA-1D4E9967D16B}.Debug|Any CPU.ActiveCfg = Debug|Any CPU
		{D6BEA985-9D95-4438-9BEA-1D4E9967D16B}.Debug|Any CPU.Build.0 = Debug|Any CPU
		{D6BEA985-9D95-4438-9BEA-1D4E9967D16B}.Release|Any CPU.ActiveCfg = Release|Any CPU
		{D6BEA985-9D95-4438-9BEA-1D4E9967D16B}.Release|Any CPU.Build.0 = Release|Any CPU
		{C1C26BC4-A72F-46E6-9287-95D75D5FEC45}.Debug|Any CPU.ActiveCfg = Debug|Any CPU
		{C1C26BC4-A72F-46E6-9287-95D75D5FEC45}.Debug|Any CPU.Build.0 = Debug|Any CPU
		{C1C26BC4-A72F-46E6-9287-95D75D5FEC45}.Release|Any CPU.ActiveCfg = Release|Any CPU
		{C1C26BC4-A72F-46E6-9287-95D75D5FEC45}.Release|Any CPU.Build.0 = Release|Any CPU
		{B21C5158-3717-4053-927D-81842CF5F98F}.Debug|Any CPU.ActiveCfg = Debug|Any CPU
		{B21C5158-3717-4053-927D-81842CF5F98F}.Debug|Any CPU.Build.0 = Debug|Any CPU
		{B21C5158-3717-4053-927D-81842CF5F98F}.Release|Any CPU.ActiveCfg = Release|Any CPU
		{B21C5158-3717-4053-927D-81842CF5F98F}.Release|Any CPU.Build.0 = Release|Any CPU
		{8A594916-4F13-417A-ACEF-89543C11379D}.Debug|Any CPU.ActiveCfg = Debug|Any CPU
		{8A594916-4F13-417A-ACEF-89543C11379D}.Debug|Any CPU.Build.0 = Debug|Any CPU
		{8A594916-4F13-417A-ACEF-89543C11379D}.Release|Any CPU.ActiveCfg = Release|Any CPU
		{8A594916-4F13-417A-ACEF-89543C11379D}.Release|Any CPU.Build.0 = Release|Any CPU
	EndGlobalSection
	GlobalSection(SolutionProperties) = preSolution
		HideSolutionNode = FALSE
	EndGlobalSection
	GlobalSection(NestedProjects) = preSolution
		{DA601B58-6510-4AF0-B016-8531671A09CC} = {D4A6A07F-30B5-4A0F-AE55-2C542E181909}
		{99E3797E-D3E6-412F-9E78-35A99F609E5D} = {D4A6A07F-30B5-4A0F-AE55-2C542E181909}
		{F26FC211-DBAF-4E67-955D-DBAFCBAD3797} = {D4A6A07F-30B5-4A0F-AE55-2C542E181909}
		{F4E78D3B-F22A-46E1-931C-2381A5461B79} = {99E3797E-D3E6-412F-9E78-35A99F609E5D}
		{D6BEA985-9D95-4438-9BEA-1D4E9967D16B} = {99E3797E-D3E6-412F-9E78-35A99F609E5D}
		{C1C26BC4-A72F-46E6-9287-95D75D5FEC45} = {DA601B58-6510-4AF0-B016-8531671A09CC}
		{B21C5158-3717-4053-927D-81842CF5F98F} = {F26FC211-DBAF-4E67-955D-DBAFCBAD3797}
		{8A594916-4F13-417A-ACEF-89543C11379D} = {F26FC211-DBAF-4E67-955D-DBAFCBAD3797}
	EndGlobalSection
	GlobalSection(ExtensibilityGlobals) = postSolution
		SolutionGuid = {809A4F64-F624-4221-A9CD-304BE1037FBF}
	EndGlobalSection
EndGlobal
